
Microsoft Visual Studio Solution File, Format Version 12.00
# Visual Studio Version 16
VisualStudioVersion = 16.0.32413.511
MinimumVisualStudioVersion = 10.0.40219.1
Project("{FAE04EC0-301F-11D3-BF4B-00C04F79EFBC}") = "DapperLearning", "DapperLearning\DapperLearning.csproj", "{7EB2F022-F290-4C2A-B9E0-747A5CC45A5D}"
EndProject
Global
	GlobalSection(SolutionConfigurationPlatforms) = preSolution
		Debug|Any CPU = Debug|Any CPU
		Release|Any CPU = Release|Any CPU
	EndGlobalSection
	GlobalSection(ProjectConfigurationPlatforms) = postSolution
		{7EB2F022-F290-4C2A-B9E0-747A5CC45A5D}.Debug|Any CPU.ActiveCfg = Debug|Any CPU
		{7EB2F022-F290-4C2A-B9E0-747A5CC45A5D}.Debug|Any CPU.Build.0 = Debug|Any CPU
		{7EB2F022-F290-4C2A-B9E0-747A5CC45A5D}.Release|Any CPU.ActiveCfg = Release|Any CPU
		{7EB2F022-F290-4C2A-B9E0-747A5CC45A5D}.Release|Any CPU.Build.0 = Release|Any CPU
	EndGlobalSection
	GlobalSection(SolutionProperties) = preSolution
		HideSolutionNode = FALSE
	EndGlobalSection
	GlobalSection(ExtensibilityGlobals) = postSolution
		SolutionGuid = {33ADC907-B229-4D48-A801-CE9104B4E555}
	EndGlobalSection
EndGlobal
